{
  "name": "file-management",
  "version": "1.0.0",
  "lockfileVersion": 3,
  "requires": true,
  "packages": {
    "": {
      "name": "file-management",
      "version": "1.0.0",
      "license": "ISC",
      "dependencies": {
        "file-management": "file:"
      }
    },
    "node_modules/file-management": {
      "resolved": "",
      "link": true
    }
  }
}
